{
    "_meta": {
        "hash": {
            "sha256": "e964b40ff0205e5c5d09a68563fbd7613d19238abd2ea947cc50cdb2b0f1a6b5"
        },
        "pipfile-spec": 6,
        "requires": {
            "python_version": "3.10"
        },
        "sources": [
            {
                "name": "pypi",
                "url": "https://pypi.org/simple",
                "verify_ssl": true
            }
        ]
    },
    "default": {
        "erpc": {
            "hashes": [
                "sha256:503e54f158598239b3b3284742a26c63fb9358be45133aa0a874a00ac52300df",
                "sha256:a02831cf047c5c155b4ed440e65eadfe1512ce43dc4ec8e41deb12779e9d1070"
            ],
            "index": "pypi",
            "version": "==1.10.0"
        }
    },
    "develop": {}
}
